
Microsoft Visual Studio Solution File, Format Version 12.00
# Visual Studio Version 16
VisualStudioVersion = 16.0.30002.166
MinimumVisualStudioVersion = 10.0.40219.1
Project("{9A19103F-16F7-4668-BE54-9A1E7A4F7556}") = "Chambers.DocumentLibrary.WebApi", "Chambers.DocumentLibrary.WebApi.csproj", "{D73E91D6-10BF-48A9-9441-49A4EB71E7E9}"
EndProject
Project("{9A19103F-16F7-4668-BE54-9A1E7A4F7556}") = "Chambers.DocumentLibrary.UnitTests", "..\Chambers.DocumentLibrary.UnitTests\Chambers.DocumentLibrary.UnitTests.csproj", "{B39D36AD-96D2-4E88-892D-B1B3D2EC50F9}"
EndProject
Project("{9A19103F-16F7-4668-BE54-9A1E7A4F7556}") = "Chambers.DocumentLibrary.IntegrationTests", "..\Chambers.DocumentLibrary.IntegrationTests\Chambers.DocumentLibrary.IntegrationTests.csproj", "{5E011D7B-8EB8-4EE8-8B88-42DB8B5F7CA7}"
EndProject
Project("{2150E333-8FDC-42A3-9474-1A3956D46DE8}") = "Framework", "Framework", "{D458E4BC-BE58-4B2C-9CEE-132D8CF864E3}"
EndProject
Project("{9A19103F-16F7-4668-BE54-9A1E7A4F7556}") = "Chambers.DocumentLibrary.Exceptions", "..\Chambers.DocumentLibrary.Exceptions\Chambers.DocumentLibrary.Exceptions.csproj", "{EEE7DBD7-E31D-4BC7-9604-50C6DE569C62}"
EndProject
Project("{9A19103F-16F7-4668-BE54-9A1E7A4F7556}") = "Chambers.DocumentLibrary.Logging", "..\Chambers.DocumentLibrary.Logging\Chambers.DocumentLibrary.Logging.csproj", "{C5D8C76A-6C92-4D68-8960-DEBB94A8647C}"
EndProject
Project("{9A19103F-16F7-4668-BE54-9A1E7A4F7556}") = "Chambers.DocumentLibrary.Configurations", "..\Chambers.DocumentLibrary.Configurations\Chambers.DocumentLibrary.Configurations.csproj", "{2E3A5D89-981F-4258-9813-D4758D25E9F6}"
EndProject
Project("{2150E333-8FDC-42A3-9474-1A3956D46DE8}") = "Tests", "Tests", "{09777081-7D95-4659-A519-62F16C3CE8D4}"
EndProject
Project("{9A19103F-16F7-4668-BE54-9A1E7A4F7556}") = "Chambers.DocumentLibrary.BusinessServices", "..\Chambers.DocumentLibrary.BusinessServices\Chambers.DocumentLibrary.BusinessServices.csproj", "{856ADE1C-4C67-4E8E-AEE0-7C895BC865A0}"
EndProject
Project("{9A19103F-16F7-4668-BE54-9A1E7A4F7556}") = "Chambers.DocumentLibrary.Repositories", "..\Chambers.DocumentLibrary.Repositories\Chambers.DocumentLibrary.Repositories.csproj", "{4591F006-BA88-4BC8-9884-542057AEFE28}"
EndProject
Project("{FAE04EC0-301F-11D3-BF4B-00C04F79EFBC}") = "Chambers.DocumentLibrary.DomainModels", "..\Chambers.DocumentLibrary.DomainModels\Chambers.DocumentLibrary.DomainModels.csproj", "{EE0E7FDE-88B2-4B6A-86A7-51BB8EC5A28E}"
EndProject
Global
	GlobalSection(SolutionConfigurationPlatforms) = preSolution
		Debug|Any CPU = Debug|Any CPU
		Release|Any CPU = Release|Any CPU
	EndGlobalSection
	GlobalSection(ProjectConfigurationPlatforms) = postSolution
		{D73E91D6-10BF-48A9-9441-49A4EB71E7E9}.Debug|Any CPU.ActiveCfg = Debug|Any CPU
		{D73E91D6-10BF-48A9-9441-49A4EB71E7E9}.Debug|Any CPU.Build.0 = Debug|Any CPU
		{D73E91D6-10BF-48A9-9441-49A4EB71E7E9}.Release|Any CPU.ActiveCfg = Release|Any CPU
		{D73E91D6-10BF-48A9-9441-49A4EB71E7E9}.Release|Any CPU.Build.0 = Release|Any CPU
		{B39D36AD-96D2-4E88-892D-B1B3D2EC50F9}.Debug|Any CPU.ActiveCfg = Debug|Any CPU
		{B39D36AD-96D2-4E88-892D-B1B3D2EC50F9}.Debug|Any CPU.Build.0 = Debug|Any CPU
		{B39D36AD-96D2-4E88-892D-B1B3D2EC50F9}.Release|Any CPU.ActiveCfg = Release|Any CPU
		{B39D36AD-96D2-4E88-892D-B1B3D2EC50F9}.Release|Any CPU.Build.0 = Release|Any CPU
		{5E011D7B-8EB8-4EE8-8B88-42DB8B5F7CA7}.Debug|Any CPU.ActiveCfg = Debug|Any CPU
		{5E011D7B-8EB8-4EE8-8B88-42DB8B5F7CA7}.Debug|Any CPU.Build.0 = Debug|Any CPU
		{5E011D7B-8EB8-4EE8-8B88-42DB8B5F7CA7}.Release|Any CPU.ActiveCfg = Release|Any CPU
		{5E011D7B-8EB8-4EE8-8B88-42DB8B5F7CA7}.Release|Any CPU.Build.0 = Release|Any CPU
		{EEE7DBD7-E31D-4BC7-9604-50C6DE569C62}.Debug|Any CPU.ActiveCfg = Debug|Any CPU
		{EEE7DBD7-E31D-4BC7-9604-50C6DE569C62}.Debug|Any CPU.Build.0 = Debug|Any CPU
		{EEE7DBD7-E31D-4BC7-9604-50C6DE569C62}.Release|Any CPU.ActiveCfg = Release|Any CPU
		{EEE7DBD7-E31D-4BC7-9604-50C6DE569C62}.Release|Any CPU.Build.0 = Release|Any CPU
		{C5D8C76A-6C92-4D68-8960-DEBB94A8647C}.Debug|Any CPU.ActiveCfg = Debug|Any CPU
		{C5D8C76A-6C92-4D68-8960-DEBB94A8647C}.Debug|Any CPU.Build.0 = Debug|Any CPU
		{C5D8C76A-6C92-4D68-8960-DEBB94A8647C}.Release|Any CPU.ActiveCfg = Release|Any CPU
		{C5D8C76A-6C92-4D68-8960-DEBB94A8647C}.Release|Any CPU.Build.0 = Release|Any CPU
		{2E3A5D89-981F-4258-9813-D4758D25E9F6}.Debug|Any CPU.ActiveCfg = Debug|Any CPU
		{2E3A5D89-981F-4258-9813-D4758D25E9F6}.Debug|Any CPU.Build.0 = Debug|Any CPU
		{2E3A5D89-981F-4258-9813-D4758D25E9F6}.Release|Any CPU.ActiveCfg = Release|Any CPU
		{2E3A5D89-981F-4258-9813-D4758D25E9F6}.Release|Any CPU.Build.0 = Release|Any CPU
		{856ADE1C-4C67-4E8E-AEE0-7C895BC865A0}.Debug|Any CPU.ActiveCfg = Debug|Any CPU
		{856ADE1C-4C67-4E8E-AEE0-7C895BC865A0}.Debug|Any CPU.Build.0 = Debug|Any CPU
		{856ADE1C-4C67-4E8E-AEE0-7C895BC865A0}.Release|Any CPU.ActiveCfg = Release|Any CPU
		{856ADE1C-4C67-4E8E-AEE0-7C895BC865A0}.Release|Any CPU.Build.0 = Release|Any CPU
		{4591F006-BA88-4BC8-9884-542057AEFE28}.Debug|Any CPU.ActiveCfg = Debug|Any CPU
		{4591F006-BA88-4BC8-9884-542057AEFE28}.Debug|Any CPU.Build.0 = Debug|Any CPU
		{4591F006-BA88-4BC8-9884-542057AEFE28}.Release|Any CPU.ActiveCfg = Release|Any CPU
		{4591F006-BA88-4BC8-9884-542057AEFE28}.Release|Any CPU.Build.0 = Release|Any CPU
		{EE0E7FDE-88B2-4B6A-86A7-51BB8EC5A28E}.Debug|Any CPU.ActiveCfg = Debug|Any CPU
		{EE0E7FDE-88B2-4B6A-86A7-51BB8EC5A28E}.Debug|Any CPU.Build.0 = Debug|Any CPU
		{EE0E7FDE-88B2-4B6A-86A7-51BB8EC5A28E}.Release|Any CPU.ActiveCfg = Release|Any CPU
		{EE0E7FDE-88B2-4B6A-86A7-51BB8EC5A28E}.Release|Any CPU.Build.0 = Release|Any CPU
	EndGlobalSection
	GlobalSection(SolutionProperties) = preSolution
		HideSolutionNode = FALSE
	EndGlobalSection
	GlobalSection(NestedProjects) = preSolution
		{B39D36AD-96D2-4E88-892D-B1B3D2EC50F9} = {09777081-7D95-4659-A519-62F16C3CE8D4}
		{5E011D7B-8EB8-4EE8-8B88-42DB8B5F7CA7} = {09777081-7D95-4659-A519-62F16C3CE8D4}
		{EEE7DBD7-E31D-4BC7-9604-50C6DE569C62} = {D458E4BC-BE58-4B2C-9CEE-132D8CF864E3}
		{C5D8C76A-6C92-4D68-8960-DEBB94A8647C} = {D458E4BC-BE58-4B2C-9CEE-132D8CF864E3}
		{2E3A5D89-981F-4258-9813-D4758D25E9F6} = {D458E4BC-BE58-4B2C-9CEE-132D8CF864E3}
	EndGlobalSection
	GlobalSection(ExtensibilityGlobals) = postSolution
		SolutionGuid = {E62E72AA-95C6-4841-B5F1-EC1247850942}
	EndGlobalSection
EndGlobal
